
Microsoft Visual Studio Solution File, Format Version 12.00
# Visual Studio Version 16
VisualStudioVersion = 16.0.30011.22
MinimumVisualStudioVersion = 10.0.40219.1
Project("{FAE04EC0-301F-11D3-BF4B-00C04F79EFBC}") = "SqlLite.Core", "SqlLite.Core\SqlLite.Core.csproj", "{9253EEF8-7419-4DD0-86B2-E136A536222A}"
EndProject
Project("{FAE04EC0-301F-11D3-BF4B-00C04F79EFBC}") = "SqlLite.Tests", "SqlLite.Tests\SqlLite.Tests.csproj", "{6D262302-D51D-4AF3-93E3-867941A4A835}"
EndProject
Global
	GlobalSection(SolutionConfigurationPlatforms) = preSolution
		Debug|Any CPU = Debug|Any CPU
		Release|Any CPU = Release|Any CPU
	EndGlobalSection
	GlobalSection(ProjectConfigurationPlatforms) = postSolution
		{9253EEF8-7419-4DD0-86B2-E136A536222A}.Debug|Any CPU.ActiveCfg = Debug|Any CPU
		{9253EEF8-7419-4DD0-86B2-E136A536222A}.Debug|Any CPU.Build.0 = Debug|Any CPU
		{9253EEF8-7419-4DD0-86B2-E136A536222A}.Release|Any CPU.ActiveCfg = Release|Any CPU
		{9253EEF8-7419-4DD0-86B2-E136A536222A}.Release|Any CPU.Build.0 = Release|Any CPU
		{6D262302-D51D-4AF3-93E3-867941A4A835}.Debug|Any CPU.ActiveCfg = Debug|Any CPU
		{6D262302-D51D-4AF3-93E3-867941A4A835}.Debug|Any CPU.Build.0 = Debug|Any CPU
		{6D262302-D51D-4AF3-93E3-867941A4A835}.Release|Any CPU.ActiveCfg = Release|Any CPU
		{6D262302-D51D-4AF3-93E3-867941A4A835}.Release|Any CPU.Build.0 = Release|Any CPU
	EndGlobalSection
	GlobalSection(SolutionProperties) = preSolution
		HideSolutionNode = FALSE
	EndGlobalSection
	GlobalSection(ExtensibilityGlobals) = postSolution
		SolutionGuid = {92C2243F-E3FF-4CE7-B19E-B30288FF479A}
	EndGlobalSection
EndGlobal
